
Microsoft Visual Studio Solution File, Format Version 12.00
# Visual Studio Version 16
VisualStudioVersion = 16.0.33328.57
MinimumVisualStudioVersion = 10.0.40219.1
Project("{FAE04EC0-301F-11D3-BF4B-00C04F79EFBC}") = "Lab3Library", "Lab3Library\Lab3Library.csproj", "{A924BE24-C71F-4AAF-9F71-9CCC62FDE9B4}"
EndProject
Project("{FAE04EC0-301F-11D3-BF4B-00C04F79EFBC}") = "UnitTestLib3", "UnitTestLib3\UnitTestLib3.csproj", "{52580F40-0AE9-4208-B98C-446E46A74777}"
EndProject
Project("{FAE04EC0-301F-11D3-BF4B-00C04F79EFBC}") = "FractionLib", "FractionLib\FractionLib.csproj", "{12F5792A-3CC8-44DE-9683-BD8B83B92BAA}"
EndProject
Project("{FAE04EC0-301F-11D3-BF4B-00C04F79EFBC}") = "UnitTestFraction", "UnitTestFraction\UnitTestFraction.csproj", "{9736AF61-EA15-4493-AC56-31475869276D}"
EndProject
Project("{FAE04EC0-301F-11D3-BF4B-00C04F79EFBC}") = "VectorText", "VectorText\VectorText.csproj", "{431F9038-247A-4CBB-B227-C5DAE5FC998D}"
EndProject
Project("{FAE04EC0-301F-11D3-BF4B-00C04F79EFBC}") = "UnitTestVectorText", "UnitTestVectorText\UnitTestVectorText.csproj", "{D65DCA13-8025-46CF-9462-391A25E85D87}"
EndProject
Project("{FAE04EC0-301F-11D3-BF4B-00C04F79EFBC}") = "DeterminantOfIdealWeight", "DeterminantOfIdealWeight\DeterminantOfIdealWeight.csproj", "{4BD4583F-D28C-422C-8421-75914F33DF6D}"
EndProject
Project("{FAE04EC0-301F-11D3-BF4B-00C04F79EFBC}") = "UnitTestIdealWeight", "UnitTestIdealWeight\UnitTestIdealWeight.csproj", "{6C27F747-3009-4CB8-A314-6600C64DB13E}"
EndProject
Global
	GlobalSection(SolutionConfigurationPlatforms) = preSolution
		Debug|Any CPU = Debug|Any CPU
		Release|Any CPU = Release|Any CPU
	EndGlobalSection
	GlobalSection(ProjectConfigurationPlatforms) = postSolution
		{A924BE24-C71F-4AAF-9F71-9CCC62FDE9B4}.Debug|Any CPU.ActiveCfg = Debug|Any CPU
		{A924BE24-C71F-4AAF-9F71-9CCC62FDE9B4}.Debug|Any CPU.Build.0 = Debug|Any CPU
		{A924BE24-C71F-4AAF-9F71-9CCC62FDE9B4}.Release|Any CPU.ActiveCfg = Release|Any CPU
		{A924BE24-C71F-4AAF-9F71-9CCC62FDE9B4}.Release|Any CPU.Build.0 = Release|Any CPU
		{52580F40-0AE9-4208-B98C-446E46A74777}.Debug|Any CPU.ActiveCfg = Debug|Any CPU
		{52580F40-0AE9-4208-B98C-446E46A74777}.Debug|Any CPU.Build.0 = Debug|Any CPU
		{52580F40-0AE9-4208-B98C-446E46A74777}.Release|Any CPU.ActiveCfg = Release|Any CPU
		{52580F40-0AE9-4208-B98C-446E46A74777}.Release|Any CPU.Build.0 = Release|Any CPU
		{12F5792A-3CC8-44DE-9683-BD8B83B92BAA}.Debug|Any CPU.ActiveCfg = Debug|Any CPU
		{12F5792A-3CC8-44DE-9683-BD8B83B92BAA}.Debug|Any CPU.Build.0 = Debug|Any CPU
		{12F5792A-3CC8-44DE-9683-BD8B83B92BAA}.Release|Any CPU.ActiveCfg = Release|Any CPU
		{12F5792A-3CC8-44DE-9683-BD8B83B92BAA}.Release|Any CPU.Build.0 = Release|Any CPU
		{9736AF61-EA15-4493-AC56-31475869276D}.Debug|Any CPU.ActiveCfg = Debug|Any CPU
		{9736AF61-EA15-4493-AC56-31475869276D}.Debug|Any CPU.Build.0 = Debug|Any CPU
		{9736AF61-EA15-4493-AC56-31475869276D}.Release|Any CPU.ActiveCfg = Release|Any CPU
		{9736AF61-EA15-4493-AC56-31475869276D}.Release|Any CPU.Build.0 = Release|Any CPU
		{431F9038-247A-4CBB-B227-C5DAE5FC998D}.Debug|Any CPU.ActiveCfg = Debug|Any CPU
		{431F9038-247A-4CBB-B227-C5DAE5FC998D}.Debug|Any CPU.Build.0 = Debug|Any CPU
		{431F9038-247A-4CBB-B227-C5DAE5FC998D}.Release|Any CPU.ActiveCfg = Release|Any CPU
		{431F9038-247A-4CBB-B227-C5DAE5FC998D}.Release|Any CPU.Build.0 = Release|Any CPU
		{D65DCA13-8025-46CF-9462-391A25E85D87}.Debug|Any CPU.ActiveCfg = Debug|Any CPU
		{D65DCA13-8025-46CF-9462-391A25E85D87}.Debug|Any CPU.Build.0 = Debug|Any CPU
		{D65DCA13-8025-46CF-9462-391A25E85D87}.Release|Any CPU.ActiveCfg = Release|Any CPU
		{D65DCA13-8025-46CF-9462-391A25E85D87}.Release|Any CPU.Build.0 = Release|Any CPU
		{4BD4583F-D28C-422C-8421-75914F33DF6D}.Debug|Any CPU.ActiveCfg = Debug|Any CPU
		{4BD4583F-D28C-422C-8421-75914F33DF6D}.Debug|Any CPU.Build.0 = Debug|Any CPU
		{4BD4583F-D28C-422C-8421-75914F33DF6D}.Release|Any CPU.ActiveCfg = Release|Any CPU
		{4BD4583F-D28C-422C-8421-75914F33DF6D}.Release|Any CPU.Build.0 = Release|Any CPU
		{6C27F747-3009-4CB8-A314-6600C64DB13E}.Debug|Any CPU.ActiveCfg = Debug|Any CPU
		{6C27F747-3009-4CB8-A314-6600C64DB13E}.Debug|Any CPU.Build.0 = Debug|Any CPU
		{6C27F747-3009-4CB8-A314-6600C64DB13E}.Release|Any CPU.ActiveCfg = Release|Any CPU
		{6C27F747-3009-4CB8-A314-6600C64DB13E}.Release|Any CPU.Build.0 = Release|Any CPU
	EndGlobalSection
	GlobalSection(SolutionProperties) = preSolution
		HideSolutionNode = FALSE
	EndGlobalSection
	GlobalSection(ExtensibilityGlobals) = postSolution
		SolutionGuid = {4CEC3B09-F472-4D7E-9708-F38F61A95CD2}
	EndGlobalSection
EndGlobal
